# THIS IS AN AUTOGENERATED FILE. DO NOT EDIT THIS FILE DIRECTLY.
# yarn lockfile v1


geo-haversine@^1.0.3:
  version "1.0.3"
  resolved "https://registry.yarnpkg.com/geo-haversine/-/geo-haversine-1.0.3.tgz#9824b269c0a801b7ec0ac230c734eaa3903457ea"
  integrity sha512-Ahss3cdV1d0NQ6NeDqWT7fwN9xfvU1+HeWoqLeNK7MexKofBlZdkU/O8nmCwTfxGOf+w39v1iie0AkVCJ+hnfw==
